
Microsoft Visual Studio Solution File, Format Version 12.00
# Visual Studio Version 17
VisualStudioVersion = 17.2.32505.173
MinimumVisualStudioVersion = 10.0.40219.1
Project("{2150E333-8FDC-42A3-9474-1A3956D46DE8}") = "UI", "UI", "{22882943-7C86-4834-86D5-60D0DEE6C029}"
EndProject
Project("{2150E333-8FDC-42A3-9474-1A3956D46DE8}") = "Services", "Services", "{DF5B52D7-83C3-49BA-913E-0CB675CC241D}"
EndProject
Project("{2150E333-8FDC-42A3-9474-1A3956D46DE8}") = "Data", "Data", "{7C3E6EC5-68FC-4C37-B5F8-A2932026A758}"
EndProject
Project("{2150E333-8FDC-42A3-9474-1A3956D46DE8}") = "Common", "Common", "{1D40CC3E-781C-418C-A383-D03939AD128F}"
EndProject
Project("{2150E333-8FDC-42A3-9474-1A3956D46DE8}") = ".Tools", ".Tools", "{97A1FDC4-213C-4C33-A0E7-C797E30E0A1D}"
	ProjectSection(SolutionItems) = preProject
		.gitignore = .gitignore
		ClearObj.bat = ClearObj.bat
	EndProjectSection
EndProject
Project("{9A19103F-16F7-4668-BE54-9A1E7A4F7556}") = "WebStore.DAL", "Data\WebStore.DAL\WebStore.DAL.csproj", "{8F6B2599-4FEA-45C8-B2C5-E2F74E889DBD}"
EndProject
Project("{9A19103F-16F7-4668-BE54-9A1E7A4F7556}") = "WebStore.Domain", "Common\WebStore.Domain\WebStore.Domain.csproj", "{FCC47F1A-C716-493D-A01C-FD3F7D0C18DE}"
EndProject
Project("{9A19103F-16F7-4668-BE54-9A1E7A4F7556}") = "WebStore.DAL.Sqlite", "Data\WebStore.DAL.Sqlite\WebStore.DAL.Sqlite.csproj", "{368BA8FA-C626-401C-9F86-6E6537A70B0C}"
EndProject
Project("{9A19103F-16F7-4668-BE54-9A1E7A4F7556}") = "WebStore", "UI\WebStore\WebStore.csproj", "{235D1419-ED95-4437-9739-6D92BEFFC890}"
EndProject
Project("{FAE04EC0-301F-11D3-BF4B-00C04F79EFBC}") = "WebStore.Interfaces", "Services\WebStore.Interfaces\WebStore.Interfaces.csproj", "{E1FA6D23-A808-471A-8D44-5ABF3FACC622}"
EndProject
Project("{FAE04EC0-301F-11D3-BF4B-00C04F79EFBC}") = "WebStore.Services", "Services\WebStore.Services\WebStore.Services.csproj", "{9EF16FAA-F204-4CB2-B576-193ABF5B07CE}"
EndProject
Project("{FAE04EC0-301F-11D3-BF4B-00C04F79EFBC}") = "WebStore.WebAPI", "Services\WebStore.WebAPI\WebStore.WebAPI.csproj", "{28B103DE-D7F6-4D28-9937-4938C35019F6}"
EndProject
Global
	GlobalSection(SolutionConfigurationPlatforms) = preSolution
		Debug|Any CPU = Debug|Any CPU
		Release|Any CPU = Release|Any CPU
	EndGlobalSection
	GlobalSection(ProjectConfigurationPlatforms) = postSolution
		{8F6B2599-4FEA-45C8-B2C5-E2F74E889DBD}.Debug|Any CPU.ActiveCfg = Debug|Any CPU
		{8F6B2599-4FEA-45C8-B2C5-E2F74E889DBD}.Debug|Any CPU.Build.0 = Debug|Any CPU
		{8F6B2599-4FEA-45C8-B2C5-E2F74E889DBD}.Release|Any CPU.ActiveCfg = Release|Any CPU
		{8F6B2599-4FEA-45C8-B2C5-E2F74E889DBD}.Release|Any CPU.Build.0 = Release|Any CPU
		{FCC47F1A-C716-493D-A01C-FD3F7D0C18DE}.Debug|Any CPU.ActiveCfg = Debug|Any CPU
		{FCC47F1A-C716-493D-A01C-FD3F7D0C18DE}.Debug|Any CPU.Build.0 = Debug|Any CPU
		{FCC47F1A-C716-493D-A01C-FD3F7D0C18DE}.Release|Any CPU.ActiveCfg = Release|Any CPU
		{FCC47F1A-C716-493D-A01C-FD3F7D0C18DE}.Release|Any CPU.Build.0 = Release|Any CPU
		{368BA8FA-C626-401C-9F86-6E6537A70B0C}.Debug|Any CPU.ActiveCfg = Debug|Any CPU
		{368BA8FA-C626-401C-9F86-6E6537A70B0C}.Debug|Any CPU.Build.0 = Debug|Any CPU
		{368BA8FA-C626-401C-9F86-6E6537A70B0C}.Release|Any CPU.ActiveCfg = Release|Any CPU
		{368BA8FA-C626-401C-9F86-6E6537A70B0C}.Release|Any CPU.Build.0 = Release|Any CPU
		{235D1419-ED95-4437-9739-6D92BEFFC890}.Debug|Any CPU.ActiveCfg = Debug|Any CPU
		{235D1419-ED95-4437-9739-6D92BEFFC890}.Debug|Any CPU.Build.0 = Debug|Any CPU
		{235D1419-ED95-4437-9739-6D92BEFFC890}.Release|Any CPU.ActiveCfg = Release|Any CPU
		{235D1419-ED95-4437-9739-6D92BEFFC890}.Release|Any CPU.Build.0 = Release|Any CPU
		{E1FA6D23-A808-471A-8D44-5ABF3FACC622}.Debug|Any CPU.ActiveCfg = Debug|Any CPU
		{E1FA6D23-A808-471A-8D44-5ABF3FACC622}.Debug|Any CPU.Build.0 = Debug|Any CPU
		{E1FA6D23-A808-471A-8D44-5ABF3FACC622}.Release|Any CPU.ActiveCfg = Release|Any CPU
		{E1FA6D23-A808-471A-8D44-5ABF3FACC622}.Release|Any CPU.Build.0 = Release|Any CPU
		{9EF16FAA-F204-4CB2-B576-193ABF5B07CE}.Debug|Any CPU.ActiveCfg = Debug|Any CPU
		{9EF16FAA-F204-4CB2-B576-193ABF5B07CE}.Debug|Any CPU.Build.0 = Debug|Any CPU
		{9EF16FAA-F204-4CB2-B576-193ABF5B07CE}.Release|Any CPU.ActiveCfg = Release|Any CPU
		{9EF16FAA-F204-4CB2-B576-193ABF5B07CE}.Release|Any CPU.Build.0 = Release|Any CPU
		{28B103DE-D7F6-4D28-9937-4938C35019F6}.Debug|Any CPU.ActiveCfg = Debug|Any CPU
		{28B103DE-D7F6-4D28-9937-4938C35019F6}.Debug|Any CPU.Build.0 = Debug|Any CPU
		{28B103DE-D7F6-4D28-9937-4938C35019F6}.Release|Any CPU.ActiveCfg = Release|Any CPU
		{28B103DE-D7F6-4D28-9937-4938C35019F6}.Release|Any CPU.Build.0 = Release|Any CPU
	EndGlobalSection
	GlobalSection(SolutionProperties) = preSolution
		HideSolutionNode = FALSE
	EndGlobalSection
	GlobalSection(NestedProjects) = preSolution
		{8F6B2599-4FEA-45C8-B2C5-E2F74E889DBD} = {7C3E6EC5-68FC-4C37-B5F8-A2932026A758}
		{FCC47F1A-C716-493D-A01C-FD3F7D0C18DE} = {1D40CC3E-781C-418C-A383-D03939AD128F}
		{368BA8FA-C626-401C-9F86-6E6537A70B0C} = {7C3E6EC5-68FC-4C37-B5F8-A2932026A758}
		{235D1419-ED95-4437-9739-6D92BEFFC890} = {22882943-7C86-4834-86D5-60D0DEE6C029}
		{E1FA6D23-A808-471A-8D44-5ABF3FACC622} = {DF5B52D7-83C3-49BA-913E-0CB675CC241D}
		{9EF16FAA-F204-4CB2-B576-193ABF5B07CE} = {DF5B52D7-83C3-49BA-913E-0CB675CC241D}
		{28B103DE-D7F6-4D28-9937-4938C35019F6} = {DF5B52D7-83C3-49BA-913E-0CB675CC241D}
	EndGlobalSection
	GlobalSection(ExtensibilityGlobals) = postSolution
		SolutionGuid = {64F593E4-E3ED-44B5-A0B1-27ECA56D6851}
	EndGlobalSection
EndGlobal
